
Microsoft Visual Studio Solution File, Format Version 12.00
# Visual Studio Version 17
VisualStudioVersion = 17.4.33213.308
MinimumVisualStudioVersion = 10.0.40219.1
Project("{FAE04EC0-301F-11D3-BF4B-00C04F79EFBC}") = "COMP003A.Assignment1", "COMP003A.Assignment1\COMP003A.Assignment1.csproj", "{B7231728-DEA5-44AA-8C0E-AADB6C513512}"
EndProject
Global
	GlobalSection(SolutionConfigurationPlatforms) = preSolution
		Debug|Any CPU = Debug|Any CPU
		Release|Any CPU = Release|Any CPU
	EndGlobalSection
	GlobalSection(ProjectConfigurationPlatforms) = postSolution
		{B7231728-DEA5-44AA-8C0E-AADB6C513512}.Debug|Any CPU.ActiveCfg = Debug|Any CPU
		{B7231728-DEA5-44AA-8C0E-AADB6C513512}.Debug|Any CPU.Build.0 = Debug|Any CPU
		{B7231728-DEA5-44AA-8C0E-AADB6C513512}.Release|Any CPU.ActiveCfg = Release|Any CPU
		{B7231728-DEA5-44AA-8C0E-AADB6C513512}.Release|Any CPU.Build.0 = Release|Any CPU
	EndGlobalSection
	GlobalSection(SolutionProperties) = preSolution
		HideSolutionNode = FALSE
	EndGlobalSection
	GlobalSection(ExtensibilityGlobals) = postSolution
		SolutionGuid = {29D047EC-762E-45F3-97DE-EC6AEBDDDA0A}
	EndGlobalSection
EndGlobal
